
Microsoft Visual Studio Solution File, Format Version 12.00
# Visual Studio Version 16
VisualStudioVersion = 16.0.31424.327
MinimumVisualStudioVersion = 10.0.40219.1
Project("{FAE04EC0-301F-11D3-BF4B-00C04F79EFBC}") = "WCF-Client", "WCF-Client\WCF-Client.csproj", "{78919CB3-1B07-4C96-A944-9B691616CB08}"
EndProject
Global
	GlobalSection(SolutionConfigurationPlatforms) = preSolution
		Debug|Any CPU = Debug|Any CPU
		Release|Any CPU = Release|Any CPU
	EndGlobalSection
	GlobalSection(ProjectConfigurationPlatforms) = postSolution
		{78919CB3-1B07-4C96-A944-9B691616CB08}.Debug|Any CPU.ActiveCfg = Debug|Any CPU
		{78919CB3-1B07-4C96-A944-9B691616CB08}.Debug|Any CPU.Build.0 = Debug|Any CPU
		{78919CB3-1B07-4C96-A944-9B691616CB08}.Release|Any CPU.ActiveCfg = Release|Any CPU
		{78919CB3-1B07-4C96-A944-9B691616CB08}.Release|Any CPU.Build.0 = Release|Any CPU
	EndGlobalSection
	GlobalSection(SolutionProperties) = preSolution
		HideSolutionNode = FALSE
	EndGlobalSection
	GlobalSection(ExtensibilityGlobals) = postSolution
		SolutionGuid = {C83D7F56-4B39-404A-9A24-238D62ED0E27}
	EndGlobalSection
EndGlobal
